
Microsoft Visual Studio Solution File, Format Version 12.00
# Visual Studio Version 17
VisualStudioVersion = 17.3.32929.385
MinimumVisualStudioVersion = 10.0.40219.1
Project("{9A19103F-16F7-4668-BE54-9A1E7A4F7556}") = "TournamentDistributionHexa.Domain", "TournamentDistributionHexa.Domain\TournamentDistributionHexa.Domain.csproj", "{70ECAB20-9C87-4808-9808-189700CD027A}"
EndProject
Project("{9A19103F-16F7-4668-BE54-9A1E7A4F7556}") = "TournamentDistributionHexa.Application", "..\TournamentDistributionHexa2\TournamentDistributionHexa.Application\TournamentDistributionHexa.Application.csproj", "{D06DF27E-96FB-4467-BF66-0A7F9298750E}"
EndProject
Project("{9A19103F-16F7-4668-BE54-9A1E7A4F7556}") = "TournamentDistributionHexa.Infrastructure", "..\TournamentDistributionHexa2\TournamentDistributionHexa.Infrastructure\TournamentDistributionHexa.Infrastructure.csproj", "{F38E3607-E7AF-4090-8C4C-617D2CDBA75D}"
EndProject
Project("{9A19103F-16F7-4668-BE54-9A1E7A4F7556}") = "TournamentDistributionHexa.Tests", "..\TournamentDistributionHexa2\TournamentDistributionHexa.Tests\TournamentDistributionHexa.Tests.csproj", "{F17AB6FC-5A81-4A46-BEA7-D61E5AFF23BB}"
EndProject
Global
	GlobalSection(SolutionConfigurationPlatforms) = preSolution
		Debug|Any CPU = Debug|Any CPU
		Release|Any CPU = Release|Any CPU
	EndGlobalSection
	GlobalSection(ProjectConfigurationPlatforms) = postSolution
		{70ECAB20-9C87-4808-9808-189700CD027A}.Debug|Any CPU.ActiveCfg = Debug|Any CPU
		{70ECAB20-9C87-4808-9808-189700CD027A}.Debug|Any CPU.Build.0 = Debug|Any CPU
		{70ECAB20-9C87-4808-9808-189700CD027A}.Release|Any CPU.ActiveCfg = Release|Any CPU
		{70ECAB20-9C87-4808-9808-189700CD027A}.Release|Any CPU.Build.0 = Release|Any CPU
		{D06DF27E-96FB-4467-BF66-0A7F9298750E}.Debug|Any CPU.ActiveCfg = Debug|Any CPU
		{D06DF27E-96FB-4467-BF66-0A7F9298750E}.Debug|Any CPU.Build.0 = Debug|Any CPU
		{D06DF27E-96FB-4467-BF66-0A7F9298750E}.Release|Any CPU.ActiveCfg = Release|Any CPU
		{D06DF27E-96FB-4467-BF66-0A7F9298750E}.Release|Any CPU.Build.0 = Release|Any CPU
		{F38E3607-E7AF-4090-8C4C-617D2CDBA75D}.Debug|Any CPU.ActiveCfg = Debug|Any CPU
		{F38E3607-E7AF-4090-8C4C-617D2CDBA75D}.Debug|Any CPU.Build.0 = Debug|Any CPU
		{F38E3607-E7AF-4090-8C4C-617D2CDBA75D}.Release|Any CPU.ActiveCfg = Release|Any CPU
		{F38E3607-E7AF-4090-8C4C-617D2CDBA75D}.Release|Any CPU.Build.0 = Release|Any CPU
		{F17AB6FC-5A81-4A46-BEA7-D61E5AFF23BB}.Debug|Any CPU.ActiveCfg = Debug|Any CPU
		{F17AB6FC-5A81-4A46-BEA7-D61E5AFF23BB}.Debug|Any CPU.Build.0 = Debug|Any CPU
		{F17AB6FC-5A81-4A46-BEA7-D61E5AFF23BB}.Release|Any CPU.ActiveCfg = Release|Any CPU
		{F17AB6FC-5A81-4A46-BEA7-D61E5AFF23BB}.Release|Any CPU.Build.0 = Release|Any CPU
	EndGlobalSection
	GlobalSection(SolutionProperties) = preSolution
		HideSolutionNode = FALSE
	EndGlobalSection
	GlobalSection(ExtensibilityGlobals) = postSolution
		SolutionGuid = {59AB1260-A4B6-4FDA-9A1D-E449A42185C6}
	EndGlobalSection
EndGlobal
